
Microsoft Visual Studio Solution File, Format Version 12.00
# Visual Studio Version 17
VisualStudioVersion = 17.2.32630.192
MinimumVisualStudioVersion = 10.0.40219.1
Project("{2150E333-8FDC-42A3-9474-1A3956D46DE8}") = "Services", "Services", "{14640963-4E0B-4A00-A186-8E2FEBEFDD13}"
EndProject
Project("{2150E333-8FDC-42A3-9474-1A3956D46DE8}") = "Patient", "Patient", "{1BE0DA4B-9A55-4FC0-A347-072D18C43CD1}"
EndProject
Project("{9A19103F-16F7-4668-BE54-9A1E7A4F7556}") = "Patient.API", "Services\Patient\Patient.API\Patient.API.csproj", "{08F40797-4BBC-42B1-81FA-0B340D433428}"
EndProject
Project("{E53339B2-1760-4266-BCC7-CA923CBCF16C}") = "docker-compose", "docker-compose.dcproj", "{E89A4328-0669-4B5D-8DE0-E05D8C7994E2}"
EndProject
Global
	GlobalSection(SolutionConfigurationPlatforms) = preSolution
		Debug|Any CPU = Debug|Any CPU
		Release|Any CPU = Release|Any CPU
	EndGlobalSection
	GlobalSection(ProjectConfigurationPlatforms) = postSolution
		{08F40797-4BBC-42B1-81FA-0B340D433428}.Debug|Any CPU.ActiveCfg = Debug|Any CPU
		{08F40797-4BBC-42B1-81FA-0B340D433428}.Debug|Any CPU.Build.0 = Debug|Any CPU
		{08F40797-4BBC-42B1-81FA-0B340D433428}.Release|Any CPU.ActiveCfg = Release|Any CPU
		{08F40797-4BBC-42B1-81FA-0B340D433428}.Release|Any CPU.Build.0 = Release|Any CPU
		{E89A4328-0669-4B5D-8DE0-E05D8C7994E2}.Debug|Any CPU.ActiveCfg = Debug|Any CPU
		{E89A4328-0669-4B5D-8DE0-E05D8C7994E2}.Debug|Any CPU.Build.0 = Debug|Any CPU
		{E89A4328-0669-4B5D-8DE0-E05D8C7994E2}.Release|Any CPU.ActiveCfg = Release|Any CPU
		{E89A4328-0669-4B5D-8DE0-E05D8C7994E2}.Release|Any CPU.Build.0 = Release|Any CPU
	EndGlobalSection
	GlobalSection(SolutionProperties) = preSolution
		HideSolutionNode = FALSE
	EndGlobalSection
	GlobalSection(NestedProjects) = preSolution
		{1BE0DA4B-9A55-4FC0-A347-072D18C43CD1} = {14640963-4E0B-4A00-A186-8E2FEBEFDD13}
		{08F40797-4BBC-42B1-81FA-0B340D433428} = {1BE0DA4B-9A55-4FC0-A347-072D18C43CD1}
	EndGlobalSection
	GlobalSection(ExtensibilityGlobals) = postSolution
		SolutionGuid = {86F437F5-1BE1-49D5-ABAA-28D410396E44}
	EndGlobalSection
EndGlobal
